// !$*UTF8*$!
{
	archiveVersion = 1;
	classes = {
	};
	objectVersion = 46;
	objects = {

/* Begin PBXBuildFile section */
		6FBBE07B1B5AF09100A48D29 /* AppDelegate.swift in Sources */ = {isa = PBXBuildFile; fileRef = 6FBBE07A1B5AF09100A48D29 /* AppDelegate.swift */; };
		6FBBE07E1B5AF09200A48D29 /* WasteLess.xcdatamodeld in Sources */ = {isa = PBXBuildFile; fileRef = 6FBBE07C1B5AF09100A48D29 /* WasteLess.xcdatamodeld */; };
		6FBBE0851B5AF09200A48D29 /* Images.xcassets in Resources */ = {isa = PBXBuildFile; fileRef = 6FBBE0841B5AF09200A48D29 /* Images.xcassets */; };
		6FBBE0881B5AF09200A48D29 /* LaunchScreen.xib in Resources */ = {isa = PBXBuildFile; fileRef = 6FBBE0861B5AF09200A48D29 /* LaunchScreen.xib */; };
		6FBBE0941B5AF09200A48D29 /* WasteLessTests.swift in Sources */ = {isa = PBXBuildFile; fileRef = 6FBBE0931B5AF09200A48D29 /* WasteLessTests.swift */; };
		6FBBE0A21B5AF24E00A48D29 /* ListViewController.swift in Sources */ = {isa = PBXBuildFile; fileRef = 6FBBE0A11B5AF24E00A48D29 /* ListViewController.swift */; };
		6FBBE0A41B5AF25F00A48D29 /* MapViewController.swift in Sources */ = {isa = PBXBuildFile; fileRef = 6FBBE0A31B5AF25F00A48D29 /* MapViewController.swift */; };
		6FBBE0A61B5AF26E00A48D29 /* GlobalViewController.swift in Sources */ = {isa = PBXBuildFile; fileRef = 6FBBE0A51B5AF26E00A48D29 /* GlobalViewController.swift */; };
		6FBBE0AB1B5AFD6C00A48D29 /* Posting.swift in Sources */ = {isa = PBXBuildFile; fileRef = 6FBBE0AA1B5AFD6C00A48D29 /* Posting.swift */; };
		6FBBE0AE1B5B039500A48D29 /* PostManager.swift in Sources */ = {isa = PBXBuildFile; fileRef = 6FBBE0AD1B5B039500A48D29 /* PostManager.swift */; };
		6FBBE0B91B5B07A800A48D29 /* NewPostTableViewController.swift in Sources */ = {isa = PBXBuildFile; fileRef = 6FBBE0B71B5B07A800A48D29 /* NewPostTableViewController.swift */; };
		6FBBE0BC1B5B0F9A00A48D29 /* FieldTableViewCell.swift in Sources */ = {isa = PBXBuildFile; fileRef = 6FBBE0BB1B5B0F9A00A48D29 /* FieldTableViewCell.swift */; };
		6FBBE0BF1B5B447300A48D29 /* PostingAnnotation.swift in Sources */ = {isa = PBXBuildFile; fileRef = 6FBBE0BE1B5B447300A48D29 /* PostingAnnotation.swift */; };
		6FBBE0C11B5B6B3300A48D29 /* PostInfoTableViewCell.swift in Sources */ = {isa = PBXBuildFile; fileRef = 6FBBE0C01B5B6B3300A48D29 /* PostInfoTableViewCell.swift */; };
/* End PBXBuildFile section */

/* Begin PBXContainerItemProxy section */
		6FBBE08E1B5AF09200A48D29 /* PBXContainerItemProxy */ = {
			isa = PBXContainerItemProxy;
			containerPortal = 6FBBE06D1B5AF09100A48D29 /* Project object */;
			proxyType = 1;
			remoteGlobalIDString = 6FBBE0741B5AF09100A48D29;
			remoteInfo = WasteLess;
		};
/* End PBXContainerItemProxy section */

/* Begin PBXFileReference section */
		6FBBE0751B5AF09100A48D29 /* WasteLess.app */ = {isa = PBXFileReference; explicitFileType = wrapper.application; includeInIndex = 0; path = WasteLess.app; sourceTree = BUILT_PRODUCTS_DIR; };
		6FBBE0791B5AF09100A48D29 /* Info.plist */ = {isa = PBXFileReference; lastKnownFileType = text.plist.xml; path = Info.plist; sourceTree = "<group>"; };
		6FBBE07A1B5AF09100A48D29 /* AppDelegate.swift */ = {isa = PBXFileReference; lastKnownFileType = sourcecode.swift; path = AppDelegate.swift; sourceTree = "<group>"; };
		6FBBE07D1B5AF09100A48D29 /* WasteLess.xcdatamodel */ = {isa = PBXFileReference; lastKnownFileType = wrapper.xcdatamodel; path = WasteLess.xcdatamodel; sourceTree = "<group>"; };
		6FBBE0841B5AF09200A48D29 /* Images.xcassets */ = {isa = PBXFileReference; lastKnownFileType = folder.assetcatalog; path = Images.xcassets; sourceTree = "<group>"; };
		6FBBE0871B5AF09200A48D29 /* Base */ = {isa = PBXFileReference; lastKnownFileType = file.xib; name = Base; path = Base.lproj/LaunchScreen.xib; sourceTree = "<group>"; };
		6FBBE08D1B5AF09200A48D29 /* WasteLessTests.xctest */ = {isa = PBXFileReference; explicitFileType = wrapper.cfbundle; includeInIndex = 0; path = WasteLessTests.xctest; sourceTree = BUILT_PRODUCTS_DIR; };
		6FBBE0921B5AF09200A48D29 /* Info.plist */ = {isa = PBXFileReference; lastKnownFileType = text.plist.xml; path = Info.plist; sourceTree = "<group>"; };
		6FBBE0931B5AF09200A48D29 /* WasteLessTests.swift */ = {isa = PBXFileReference; lastKnownFileType = sourcecode.swift; path = WasteLessTests.swift; sourceTree = "<group>"; };
		6FBBE0A11B5AF24E00A48D29 /* ListViewController.swift */ = {isa = PBXFileReference; fileEncoding = 4; lastKnownFileType = sourcecode.swift; name = ListViewController.swift; path = controllers/ListViewController.swift; sourceTree = "<group>"; };
		6FBBE0A31B5AF25F00A48D29 /* MapViewController.swift */ = {isa = PBXFileReference; fileEncoding = 4; lastKnownFileType = sourcecode.swift; name = MapViewController.swift; path = controllers/MapViewController.swift; sourceTree = "<group>"; };
		6FBBE0A51B5AF26E00A48D29 /* GlobalViewController.swift */ = {isa = PBXFileReference; fileEncoding = 4; lastKnownFileType = sourcecode.swift; name = GlobalViewController.swift; path = controllers/GlobalViewController.swift; sourceTree = "<group>"; };
		6FBBE0AA1B5AFD6C00A48D29 /* Posting.swift */ = {isa = PBXFileReference; fileEncoding = 4; lastKnownFileType = sourcecode.swift; name = Posting.swift; path = models/Posting.swift; sourceTree = "<group>"; };
		6FBBE0AD1B5B039500A48D29 /* PostManager.swift */ = {isa = PBXFileReference; fileEncoding = 4; lastKnownFileType = sourcecode.swift; name = PostManager.swift; path = models/PostManager.swift; sourceTree = "<group>"; };
		6FBBE0B71B5B07A800A48D29 /* NewPostTableViewController.swift */ = {isa = PBXFileReference; fileEncoding = 4; lastKnownFileType = sourcecode.swift; name = NewPostTableViewController.swift; path = controllers/NewPostTableViewController.swift; sourceTree = "<group>"; };
		6FBBE0BB1B5B0F9A00A48D29 /* FieldTableViewCell.swift */ = {isa = PBXFileReference; fileEncoding = 4; lastKnownFileType = sourcecode.swift; name = FieldTableViewCell.swift; path = views/FieldTableViewCell.swift; sourceTree = "<group>"; };
		6FBBE0BE1B5B447300A48D29 /* PostingAnnotation.swift */ = {isa = PBXFileReference; fileEncoding = 4; lastKnownFileType = sourcecode.swift; name = PostingAnnotation.swift; path = views/PostingAnnotation.swift; sourceTree = "<group>"; };
		6FBBE0C01B5B6B3300A48D29 /* PostInfoTableViewCell.swift */ = {isa = PBXFileReference; fileEncoding = 4; lastKnownFileType = sourcecode.swift; name = PostInfoTableViewCell.swift; path = views/PostInfoTableViewCell.swift; sourceTree = "<group>"; };
/* End PBXFileReference section */

/* Begin PBXFrameworksBuildPhase section */
		6FBBE0721B5AF09100A48D29 /* Frameworks */ = {
			isa = PBXFrameworksBuildPhase;
			buildActionMask = 2147483647;
			files = (
			);
			runOnlyForDeploymentPostprocessing = 0;
		};
		6FBBE08A1B5AF09200A48D29 /* Frameworks */ = {
			isa = PBXFrameworksBuildPhase;
			buildActionMask = 2147483647;
			files = (
			);
			runOnlyForDeploymentPostprocessing = 0;
		};
/* End PBXFrameworksBuildPhase section */

/* Begin PBXGroup section */
		6FBBE06C1B5AF09100A48D29 = {
			isa = PBXGroup;
			children = (
				6FBBE0771B5AF09100A48D29 /* WasteLess */,
				6FBBE0901B5AF09200A48D29 /* WasteLessTests */,
				6FBBE0761B5AF09100A48D29 /* Products */,
			);
			sourceTree = "<group>";
		};
		6FBBE0761B5AF09100A48D29 /* Products */ = {
			isa = PBXGroup;
			children = (
				6FBBE0751B5AF09100A48D29 /* WasteLess.app */,
				6FBBE08D1B5AF09200A48D29 /* WasteLessTests.xctest */,
			);
			name = Products;
			sourceTree = "<group>";
		};
		6FBBE0771B5AF09100A48D29 /* WasteLess */ = {
			isa = PBXGroup;
			children = (
				6FBBE07A1B5AF09100A48D29 /* AppDelegate.swift */,
				6FBBE0BD1B5B0FA000A48D29 /* views */,
				6FBBE0AC1B5AFDEA00A48D29 /* models */,
				6FBBE0A71B5AFA4B00A48D29 /* controllers */,
				6FBBE0841B5AF09200A48D29 /* Images.xcassets */,
				6FBBE0861B5AF09200A48D29 /* LaunchScreen.xib */,
				6FBBE07C1B5AF09100A48D29 /* WasteLess.xcdatamodeld */,
				6FBBE0781B5AF09100A48D29 /* Supporting Files */,
			);
			path = WasteLess;
			sourceTree = "<group>";
		};
		6FBBE0781B5AF09100A48D29 /* Supporting Files */ = {
			isa = PBXGroup;
			children = (
				6FBBE0791B5AF09100A48D29 /* Info.plist */,
			);
			name = "Supporting Files";
			sourceTree = "<group>";
		};
		6FBBE0901B5AF09200A48D29 /* WasteLessTests */ = {
			isa = PBXGroup;
			children = (
				6FBBE0931B5AF09200A48D29 /* WasteLessTests.swift */,
				6FBBE0911B5AF09200A48D29 /* Supporting Files */,
			);
			path = WasteLessTests;
			sourceTree = "<group>";
		};
		6FBBE0911B5AF09200A48D29 /* Supporting Files */ = {
			isa = PBXGroup;
			children = (
				6FBBE0921B5AF09200A48D29 /* Info.plist */,
			);
			name = "Supporting Files";
			sourceTree = "<group>";
		};
		6FBBE0A71B5AFA4B00A48D29 /* controllers */ = {
			isa = PBXGroup;
			children = (
				6FBBE0B71B5B07A800A48D29 /* NewPostTableViewController.swift */,
				6FBBE0A51B5AF26E00A48D29 /* GlobalViewController.swift */,
				6FBBE0A11B5AF24E00A48D29 /* ListViewController.swift */,
				6FBBE0A31B5AF25F00A48D29 /* MapViewController.swift */,
				6FBBE0BE1B5B447300A48D29 /* PostingAnnotation.swift */,
			);
			name = controllers;
			sourceTree = "<group>";
		};
		6FBBE0AC1B5AFDEA00A48D29 /* models */ = {
			isa = PBXGroup;
			children = (
				6FBBE0AA1B5AFD6C00A48D29 /* Posting.swift */,
				6FBBE0AD1B5B039500A48D29 /* PostManager.swift */,
			);
			name = models;
			sourceTree = "<group>";
		};
		6FBBE0BD1B5B0FA000A48D29 /* views */ = {
			isa = PBXGroup;
			children = (
				6FBBE0C01B5B6B3300A48D29 /* PostInfoTableViewCell.swift */,
				6FBBE0BB1B5B0F9A00A48D29 /* FieldTableViewCell.swift */,
			);
			name = views;
			sourceTree = "<group>";
		};
/* End PBXGroup section */

/* Begin PBXNativeTarget section */
		6FBBE0741B5AF09100A48D29 /* WasteLess */ = {
			isa = PBXNativeTarget;
			buildConfigurationList = 6FBBE0971B5AF09200A48D29 /* Build configuration list for PBXNativeTarget "WasteLess" */;
			buildPhases = (
				6FBBE0711B5AF09100A48D29 /* Sources */,
				6FBBE0721B5AF09100A48D29 /* Frameworks */,
				6FBBE0731B5AF09100A48D29 /* Resources */,
			);
			buildRules = (
			);
			dependencies = (
			);
			name = WasteLess;
			productName = WasteLess;
			productReference = 6FBBE0751B5AF09100A48D29 /* WasteLess.app */;
			productType = "com.apple.product-type.application";
		};
		6FBBE08C1B5AF09200A48D29 /* WasteLessTests */ = {
			isa = PBXNativeTarget;
			buildConfigurationList = 6FBBE09A1B5AF09200A48D29 /* Build configuration list for PBXNativeTarget "WasteLessTests" */;
			buildPhases = (
				6FBBE0891B5AF09200A48D29 /* Sources */,
				6FBBE08A1B5AF09200A48D29 /* Frameworks */,
				6FBBE08B1B5AF09200A48D29 /* Resources */,
			);
			buildRules = (
			);
			dependencies = (
				6FBBE08F1B5AF09200A48D29 /* PBXTargetDependency */,
			);
			name = WasteLessTests;
			productName = WasteLessTests;
			productReference = 6FBBE08D1B5AF09200A48D29 /* WasteLessTests.xctest */;
			productType = "com.apple.product-type.bundle.unit-test";
		};
/* End PBXNativeTarget section */

/* Begin PBXProject section */
		6FBBE06D1B5AF09100A48D29 /* Project object */ = {
			isa = PBXProject;
			attributes = {
				LastUpgradeCheck = 0640;
				ORGANIZATIONNAME = "Carter Levin";
				TargetAttributes = {
					6FBBE0741B5AF09100A48D29 = {
						CreatedOnToolsVersion = 6.4;
					};
					6FBBE08C1B5AF09200A48D29 = {
						CreatedOnToolsVersion = 6.4;
						TestTargetID = 6FBBE0741B5AF09100A48D29;
					};
				};
			};
			buildConfigurationList = 6FBBE0701B5AF09100A48D29 /* Build configuration list for PBXProject "WasteLess" */;
			compatibilityVersion = "Xcode 3.2";
			developmentRegion = English;
			hasScannedForEncodings = 0;
			knownRegions = (
				en,
				Base,
			);
			mainGroup = 6FBBE06C1B5AF09100A48D29;
			productRefGroup = 6FBBE0761B5AF09100A48D29 /* Products */;
			projectDirPath = "";
			projectRoot = "";
			targets = (
				6FBBE0741B5AF09100A48D29 /* WasteLess */,
				6FBBE08C1B5AF09200A48D29 /* WasteLessTests */,
			);
		};
/* End PBXProject section */

/* Begin PBXResourcesBuildPhase section */
		6FBBE0731B5AF09100A48D29 /* Resources */ = {
			isa = PBXResourcesBuildPhase;
			buildActionMask = 2147483647;
			files = (
				6FBBE0881B5AF09200A48D29 /* LaunchScreen.xib in Resources */,
				6FBBE0851B5AF09200A48D29 /* Images.xcassets in Resources */,
			);
			runOnlyForDeploymentPostprocessing = 0;
		};
		6FBBE08B1B5AF09200A48D29 /* Resources */ = {
			isa = PBXResourcesBuildPhase;
			buildActionMask = 2147483647;
			files = (
			);
			runOnlyForDeploymentPostprocessing = 0;
		};
/* End PBXResourcesBuildPhase section */

/* Begin PBXSourcesBuildPhase section */
		6FBBE0711B5AF09100A48D29 /* Sources */ = {
			isa = PBXSourcesBuildPhase;
			buildActionMask = 2147483647;
			files = (
				6FBBE0A61B5AF26E00A48D29 /* GlobalViewController.swift in Sources */,
				6FBBE0AB1B5AFD6C00A48D29 /* Posting.swift in Sources */,
				6FBBE0A21B5AF24E00A48D29 /* ListViewController.swift in Sources */,
				6FBBE0BF1B5B447300A48D29 /* PostingAnnotation.swift in Sources */,
				6FBBE07B1B5AF09100A48D29 /* AppDelegate.swift in Sources */,
				6FBBE0C11B5B6B3300A48D29 /* PostInfoTableViewCell.swift in Sources */,
				6FBBE0B91B5B07A800A48D29 /* NewPostTableViewController.swift in Sources */,
				6FBBE0AE1B5B039500A48D29 /* PostManager.swift in Sources */,
				6FBBE0A41B5AF25F00A48D29 /* MapViewController.swift in Sources */,
				6FBBE07E1B5AF09200A48D29 /* WasteLess.xcdatamodeld in Sources */,
				6FBBE0BC1B5B0F9A00A48D29 /* FieldTableViewCell.swift in Sources */,
			);
			runOnlyForDeploymentPostprocessing = 0;
		};
		6FBBE0891B5AF09200A48D29 /* Sources */ = {
			isa = PBXSourcesBuildPhase;
			buildActionMask = 2147483647;
			files = (
				6FBBE0941B5AF09200A48D29 /* WasteLessTests.swift in Sources */,
			);
			runOnlyForDeploymentPostprocessing = 0;
		};
/* End PBXSourcesBuildPhase section */

/* Begin PBXTargetDependency section */
		6FBBE08F1B5AF09200A48D29 /* PBXTargetDependency */ = {
			isa = PBXTargetDependency;
			target = 6FBBE0741B5AF09100A48D29 /* WasteLess */;
			targetProxy = 6FBBE08E1B5AF09200A48D29 /* PBXContainerItemProxy */;
		};
/* End PBXTargetDependency section */

/* Begin PBXVariantGroup section */
		6FBBE0861B5AF09200A48D29 /* LaunchScreen.xib */ = {
			isa = PBXVariantGroup;
			children = (
				6FBBE0871B5AF09200A48D29 /* Base */,
			);
			name = LaunchScreen.xib;
			sourceTree = "<group>";
		};
/* End PBXVariantGroup section */

/* Begin XCBuildConfiguration section */
		6FBBE0951B5AF09200A48D29 /* Debug */ = {
			isa = XCBuildConfiguration;
			buildSettings = {
				ALWAYS_SEARCH_USER_PATHS = NO;
				CLANG_CXX_LANGUAGE_STANDARD = "gnu++0x";
				CLANG_CXX_LIBRARY = "libc++";
				CLANG_ENABLE_MODULES = YES;
				CLANG_ENABLE_OBJC_ARC = YES;
				CLANG_WARN_BOOL_CONVERSION = YES;
				CLANG_WARN_CONSTANT_CONVERSION = YES;
				CLANG_WARN_DIRECT_OBJC_ISA_USAGE = YES_ERROR;
				CLANG_WARN_EMPTY_BODY = YES;
				CLANG_WARN_ENUM_CONVERSION = YES;
				CLANG_WARN_INT_CONVERSION = YES;
				CLANG_WARN_OBJC_ROOT_CLASS = YES_ERROR;
				CLANG_WARN_UNREACHABLE_CODE = YES;
				CLANG_WARN__DUPLICATE_METHOD_MATCH = YES;
				"CODE_SIGN_IDENTITY[sdk=iphoneos*]" = "iPhone Developer";
				COPY_PHASE_STRIP = NO;
				DEBUG_INFORMATION_FORMAT = "dwarf-with-dsym";
				ENABLE_STRICT_OBJC_MSGSEND = YES;
				GCC_C_LANGUAGE_STANDARD = gnu99;
				GCC_DYNAMIC_NO_PIC = NO;
				GCC_NO_COMMON_BLOCKS = YES;
				GCC_OPTIMIZATION_LEVEL = 0;
				GCC_PREPROCESSOR_DEFINITIONS = (
					"DEBUG=1",
					"$(inherited)",
				);
				GCC_SYMBOLS_PRIVATE_EXTERN = NO;
				GCC_WARN_64_TO_32_BIT_CONVERSION = YES;
				GCC_WARN_ABOUT_RETURN_TYPE = YES_ERROR;
				GCC_WARN_UNDECLARED_SELECTOR = YES;
				GCC_WARN_UNINITIALIZED_AUTOS = YES_AGGRESSIVE;
				GCC_WARN_UNUSED_FUNCTION = YES;
				GCC_WARN_UNUSED_VARIABLE = YES;
				IPHONEOS_DEPLOYMENT_TARGET = 8.4;
				MTL_ENABLE_DEBUG_INFO = YES;
				ONLY_ACTIVE_ARCH = YES;
				SDKROOT = iphoneos;
				SWIFT_OPTIMIZATION_LEVEL = "-Onone";
			};
			name = Debug;
		};
		6FBBE0961B5AF09200A48D29 /* Release */ = {
			isa = XCBuildConfiguration;
			buildSettings = {
				ALWAYS_SEARCH_USER_PATHS = NO;
				CLANG_CXX_LANGUAGE_STANDARD = "gnu++0x";
				CLANG_CXX_LIBRARY = "libc++";
				CLANG_ENABLE_MODULES = YES;
				CLANG_ENABLE_OBJC_ARC = YES;
				CLANG_WARN_BOOL_CONVERSION = YES;
				CLANG_WARN_CONSTANT_CONVERSION = YES;
				CLANG_WARN_DIRECT_OBJC_ISA_USAGE = YES_ERROR;
				CLANG_WARN_EMPTY_BODY = YES;
				CLANG_WARN_ENUM_CONVERSION = YES;
				CLANG_WARN_INT_CONVERSION = YES;
				CLANG_WARN_OBJC_ROOT_CLASS = YES_ERROR;
				CLANG_WARN_UNREACHABLE_CODE = YES;
				CLANG_WARN__DUPLICATE_METHOD_MATCH = YES;
				"CODE_SIGN_IDENTITY[sdk=iphoneos*]" = "iPhone Developer";
				COPY_PHASE_STRIP = NO;
				DEBUG_INFORMATION_FORMAT = "dwarf-with-dsym";
				ENABLE_NS_ASSERTIONS = NO;
				ENABLE_STRICT_OBJC_MSGSEND = YES;
				GCC_C_LANGUAGE_STANDARD = gnu99;
				GCC_NO_COMMON_BLOCKS = YES;
				GCC_WARN_64_TO_32_BIT_CONVERSION = YES;
				GCC_WARN_ABOUT_RETURN_TYPE = YES_ERROR;
				GCC_WARN_UNDECLARED_SELECTOR = YES;
				GCC_WARN_UNINITIALIZED_AUTOS = YES_AGGRESSIVE;
				GCC_WARN_UNUSED_FUNCTION = YES;
				GCC_WARN_UNUSED_VARIABLE = YES;
				IPHONEOS_DEPLOYMENT_TARGET = 8.4;
				MTL_ENABLE_DEBUG_INFO = NO;
				SDKROOT = iphoneos;
				VALIDATE_PRODUCT = YES;
			};
			name = Release;
		};
		6FBBE0981B5AF09200A48D29 /* Debug */ = {
			isa = XCBuildConfiguration;
			buildSettings = {
				ASSETCATALOG_COMPILER_APPICON_NAME = AppIcon;
				INFOPLIST_FILE = WasteLess/Info.plist;
				LD_RUNPATH_SEARCH_PATHS = "$(inherited) @executable_path/Frameworks";
				PRODUCT_NAME = "$(TARGET_NAME)";
			};
			name = Debug;
		};
		6FBBE0991B5AF09200A48D29 /* Release */ = {
			isa = XCBuildConfiguration;
			buildSettings = {
				ASSETCATALOG_COMPILER_APPICON_NAME = AppIcon;
				INFOPLIST_FILE = WasteLess/Info.plist;
				LD_RUNPATH_SEARCH_PATHS = "$(inherited) @executable_path/Frameworks";
				PRODUCT_NAME = "$(TARGET_NAME)";
			};
			name = Release;
		};
		6FBBE09B1B5AF09200A48D29 /* Debug */ = {
			isa = XCBuildConfiguration;
			buildSettings = {
				BUNDLE_LOADER = "$(TEST_HOST)";
				FRAMEWORK_SEARCH_PATHS = (
					"$(SDKROOT)/Developer/Library/Frameworks",
					"$(inherited)",
				);
				GCC_PREPROCESSOR_DEFINITIONS = (
					"DEBUG=1",
					"$(inherited)",
				);
				INFOPLIST_FILE = WasteLessTests/Info.plist;
				LD_RUNPATH_SEARCH_PATHS = "$(inherited) @executable_path/Frameworks @loader_path/Frameworks";
				PRODUCT_NAME = "$(TARGET_NAME)";
				TEST_HOST = "$(BUILT_PRODUCTS_DIR)/WasteLess.app/WasteLess";
			};
			name = Debug;
		};
		6FBBE09C1B5AF09200A48D29 /* Release */ = {
			isa = XCBuildConfiguration;
			buildSettings = {
				BUNDLE_LOADER = "$(TEST_HOST)";
				FRAMEWORK_SEARCH_PATHS = (
					"$(SDKROOT)/Developer/Library/Frameworks",
					"$(inherited)",
				);
				INFOPLIST_FILE = WasteLessTests/Info.plist;
				LD_RUNPATH_SEARCH_PATHS = "$(inherited) @executable_path/Frameworks @loader_path/Frameworks";
				PRODUCT_NAME = "$(TARGET_NAME)";
				TEST_HOST = "$(BUILT_PRODUCTS_DIR)/WasteLess.app/WasteLess";
			};
			name = Release;
		};
/* End XCBuildConfiguration section */

/* Begin XCConfigurationList section */
		6FBBE0701B5AF09100A48D29 /* Build configuration list for PBXProject "WasteLess" */ = {
			isa = XCConfigurationList;
			buildConfigurations = (
				6FBBE0951B5AF09200A48D29 /* Debug */,
				6FBBE0961B5AF09200A48D29 /* Release */,
			);
			defaultConfigurationIsVisible = 0;
			defaultConfigurationName = Release;
		};
		6FBBE0971B5AF09200A48D29 /* Build configuration list for PBXNativeTarget "WasteLess" */ = {
			isa = XCConfigurationList;
			buildConfigurations = (
				6FBBE0981B5AF09200A48D29 /* Debug */,
				6FBBE0991B5AF09200A48D29 /* Release */,
			);
			defaultConfigurationIsVisible = 0;
		};
		6FBBE09A1B5AF09200A48D29 /* Build configuration list for PBXNativeTarget "WasteLessTests" */ = {
			isa = XCConfigurationList;
			buildConfigurations = (
				6FBBE09B1B5AF09200A48D29 /* Debug */,
				6FBBE09C1B5AF09200A48D29 /* Release */,
			);
			defaultConfigurationIsVisible = 0;
		};
/* End XCConfigurationList section */

/* Begin XCVersionGroup section */
		6FBBE07C1B5AF09100A48D29 /* WasteLess.xcdatamodeld */ = {
			isa = XCVersionGroup;
			children = (
				6FBBE07D1B5AF09100A48D29 /* WasteLess.xcdatamodel */,
			);
			currentVersion = 6FBBE07D1B5AF09100A48D29 /* WasteLess.xcdatamodel */;
			path = WasteLess.xcdatamodeld;
			sourceTree = "<group>";
			versionGroupType = wrapper.xcdatamodel;
		};
/* End XCVersionGroup section */
	};
	rootObject = 6FBBE06D1B5AF09100A48D29 /* Project object */;
}
